{
  "requires": true,
  "lockfileVersion": 1,
  "dependencies": {
    "types-registry": {
      "version": "0.1.704",
      "resolved": "https://registry.npmjs.org/types-registry/-/types-registry-0.1.704.tgz",
      "integrity": "sha512-JlfnVbVUrrs0CWceo0pjNDvO8ZxynT19M/4CB2JIRkRHu5H5J9ythB/Zvx+YE+pVduC4sbHcPh1d5Mmu9RorIg=="
    }
  }
}
